// !$*UTF8*$!
{
	archiveVersion = 1;
	classes = {
	};
	objectVersion = 56;
	objects = {

/* Begin PBXBuildFile section */
		5337034829362983006775BD /* AppDelegate.swift in Sources */ = {isa = PBXBuildFile; fileRef = 5337034729362983006775BD /* AppDelegate.swift */; };
		5337034A29362983006775BD /* SceneDelegate.swift in Sources */ = {isa = PBXBuildFile; fileRef = 5337034929362983006775BD /* SceneDelegate.swift */; };
		5337034C29362983006775BD /* ViewController.swift in Sources */ = {isa = PBXBuildFile; fileRef = 5337034B29362983006775BD /* ViewController.swift */; };
		5337035129362983006775BD /* Assets.xcassets in Resources */ = {isa = PBXBuildFile; fileRef = 5337035029362983006775BD /* Assets.xcassets */; };
		5337035429362983006775BD /* LaunchScreen.storyboard in Resources */ = {isa = PBXBuildFile; fileRef = 5337035229362983006775BD /* LaunchScreen.storyboard */; };
		535FABE829378DF400034314 /* POCSearchBar.swift in Sources */ = {isa = PBXBuildFile; fileRef = 535FABE729378DF400034314 /* POCSearchBar.swift */; };
		5368772A2936C45700B7C306 /* JsonTeste.swift in Sources */ = {isa = PBXBuildFile; fileRef = 536877292936C45700B7C306 /* JsonTeste.swift */; };
		5368772E2936C4E900B7C306 /* AfroditeModel.swift in Sources */ = {isa = PBXBuildFile; fileRef = 5368772D2936C4E900B7C306 /* AfroditeModel.swift */; };
		536877302936CCF900B7C306 /* Afrodite.json in Resources */ = {isa = PBXBuildFile; fileRef = 5368772F2936CCF900B7C306 /* Afrodite.json */; };
		98548DD829377AB0007E4130 /* HelloWorldViewController.swift in Sources */ = {isa = PBXBuildFile; fileRef = 98548DD729377AB0007E4130 /* HelloWorldViewController.swift */; };
/* End PBXBuildFile section */

/* Begin PBXFileReference section */
		5337034429362983006775BD /* POCTableView.app */ = {isa = PBXFileReference; explicitFileType = wrapper.application; includeInIndex = 0; path = POCTableView.app; sourceTree = BUILT_PRODUCTS_DIR; };
		5337034729362983006775BD /* AppDelegate.swift */ = {isa = PBXFileReference; lastKnownFileType = sourcecode.swift; path = AppDelegate.swift; sourceTree = "<group>"; };
		5337034929362983006775BD /* SceneDelegate.swift */ = {isa = PBXFileReference; lastKnownFileType = sourcecode.swift; path = SceneDelegate.swift; sourceTree = "<group>"; };
		5337034B29362983006775BD /* ViewController.swift */ = {isa = PBXFileReference; lastKnownFileType = sourcecode.swift; path = ViewController.swift; sourceTree = "<group>"; };
		5337035029362983006775BD /* Assets.xcassets */ = {isa = PBXFileReference; lastKnownFileType = folder.assetcatalog; path = Assets.xcassets; sourceTree = "<group>"; };
		5337035329362983006775BD /* Base */ = {isa = PBXFileReference; lastKnownFileType = file.storyboard; name = Base; path = Base.lproj/LaunchScreen.storyboard; sourceTree = "<group>"; };
		5337035529362983006775BD /* Info.plist */ = {isa = PBXFileReference; lastKnownFileType = text.plist.xml; path = Info.plist; sourceTree = "<group>"; };
		535FABE729378DF400034314 /* POCSearchBar.swift */ = {isa = PBXFileReference; lastKnownFileType = sourcecode.swift; path = POCSearchBar.swift; sourceTree = "<group>"; };
		536877292936C45700B7C306 /* JsonTeste.swift */ = {isa = PBXFileReference; lastKnownFileType = sourcecode.swift; path = JsonTeste.swift; sourceTree = "<group>"; };
		5368772D2936C4E900B7C306 /* AfroditeModel.swift */ = {isa = PBXFileReference; lastKnownFileType = sourcecode.swift; path = AfroditeModel.swift; sourceTree = "<group>"; };
		5368772F2936CCF900B7C306 /* Afrodite.json */ = {isa = PBXFileReference; lastKnownFileType = text.json; path = Afrodite.json; sourceTree = "<group>"; };
		98548DD729377AB0007E4130 /* HelloWorldViewController.swift */ = {isa = PBXFileReference; lastKnownFileType = sourcecode.swift; path = HelloWorldViewController.swift; sourceTree = "<group>"; };
/* End PBXFileReference section */

/* Begin PBXFrameworksBuildPhase section */
		5337034129362983006775BD /* Frameworks */ = {
			isa = PBXFrameworksBuildPhase;
			buildActionMask = 2147483647;
			files = (
			);
			runOnlyForDeploymentPostprocessing = 0;
		};
/* End PBXFrameworksBuildPhase section */

/* Begin PBXGroup section */
		5337033B29362983006775BD = {
			isa = PBXGroup;
			children = (
				5337034629362983006775BD /* POCTableView */,
				5337034529362983006775BD /* Products */,
			);
			sourceTree = "<group>";
		};
		5337034529362983006775BD /* Products */ = {
			isa = PBXGroup;
			children = (
				5337034429362983006775BD /* POCTableView.app */,
			);
			name = Products;
			sourceTree = "<group>";
		};
		5337034629362983006775BD /* POCTableView */ = {
			isa = PBXGroup;
			children = (
				535FABE629378DDD00034314 /* POCSearchBar */,
				5368772B2936C45D00B7C306 /* JsonAfrodite */,
				5337034729362983006775BD /* AppDelegate.swift */,
				5337034929362983006775BD /* SceneDelegate.swift */,
				5337034B29362983006775BD /* ViewController.swift */,
				98548DD729377AB0007E4130 /* HelloWorldViewController.swift */,
				5337035029362983006775BD /* Assets.xcassets */,
				5337035229362983006775BD /* LaunchScreen.storyboard */,
				5337035529362983006775BD /* Info.plist */,
			);
			path = POCTableView;
			sourceTree = "<group>";
		};
		535FABE629378DDD00034314 /* POCSearchBar */ = {
			isa = PBXGroup;
			children = (
				535FABE729378DF400034314 /* POCSearchBar.swift */,
			);
			path = POCSearchBar;
			sourceTree = "<group>";
		};
		5368772B2936C45D00B7C306 /* JsonAfrodite */ = {
			isa = PBXGroup;
			children = (
				536877292936C45700B7C306 /* JsonTeste.swift */,
				5368772D2936C4E900B7C306 /* AfroditeModel.swift */,
				5368772F2936CCF900B7C306 /* Afrodite.json */,
			);
			path = JsonAfrodite;
			sourceTree = "<group>";
		};
/* End PBXGroup section */

/* Begin PBXNativeTarget section */
		5337034329362983006775BD /* POCTableView */ = {
			isa = PBXNativeTarget;
			buildConfigurationList = 5337035829362983006775BD /* Build configuration list for PBXNativeTarget "POCTableView" */;
			buildPhases = (
				5337034029362983006775BD /* Sources */,
				5337034129362983006775BD /* Frameworks */,
				5337034229362983006775BD /* Resources */,
			);
			buildRules = (
			);
			dependencies = (
			);
			name = POCTableView;
			productName = POCTableView;
			productReference = 5337034429362983006775BD /* POCTableView.app */;
			productType = "com.apple.product-type.application";
		};
/* End PBXNativeTarget section */

/* Begin PBXProject section */
		5337033C29362983006775BD /* Project object */ = {
			isa = PBXProject;
			attributes = {
				BuildIndependentTargetsInParallel = 1;
				LastSwiftUpdateCheck = 1400;
				LastUpgradeCheck = 1400;
				TargetAttributes = {
					5337034329362983006775BD = {
						CreatedOnToolsVersion = 14.0.1;
					};
				};
			};
			buildConfigurationList = 5337033F29362983006775BD /* Build configuration list for PBXProject "POCTableView" */;
			compatibilityVersion = "Xcode 14.0";
			developmentRegion = en;
			hasScannedForEncodings = 0;
			knownRegions = (
				en,
				Base,
			);
			mainGroup = 5337033B29362983006775BD;
			productRefGroup = 5337034529362983006775BD /* Products */;
			projectDirPath = "";
			projectRoot = "";
			targets = (
				5337034329362983006775BD /* POCTableView */,
			);
		};
/* End PBXProject section */

/* Begin PBXResourcesBuildPhase section */
		5337034229362983006775BD /* Resources */ = {
			isa = PBXResourcesBuildPhase;
			buildActionMask = 2147483647;
			files = (
				5337035429362983006775BD /* LaunchScreen.storyboard in Resources */,
				536877302936CCF900B7C306 /* Afrodite.json in Resources */,
				5337035129362983006775BD /* Assets.xcassets in Resources */,
			);
			runOnlyForDeploymentPostprocessing = 0;
		};
/* End PBXResourcesBuildPhase section */

/* Begin PBXSourcesBuildPhase section */
		5337034029362983006775BD /* Sources */ = {
			isa = PBXSourcesBuildPhase;
			buildActionMask = 2147483647;
			files = (
				535FABE829378DF400034314 /* POCSearchBar.swift in Sources */,
				5337034C29362983006775BD /* ViewController.swift in Sources */,
				5368772A2936C45700B7C306 /* JsonTeste.swift in Sources */,
				98548DD829377AB0007E4130 /* HelloWorldViewController.swift in Sources */,
				5337034829362983006775BD /* AppDelegate.swift in Sources */,
				5337034A29362983006775BD /* SceneDelegate.swift in Sources */,
				5368772E2936C4E900B7C306 /* AfroditeModel.swift in Sources */,
			);
			runOnlyForDeploymentPostprocessing = 0;
		};
/* End PBXSourcesBuildPhase section */

/* Begin PBXVariantGroup section */
		5337035229362983006775BD /* LaunchScreen.storyboard */ = {
			isa = PBXVariantGroup;
			children = (
				5337035329362983006775BD /* Base */,
			);
			name = LaunchScreen.storyboard;
			sourceTree = "<group>";
		};
/* End PBXVariantGroup section */

/* Begin XCBuildConfiguration section */
		5337035629362983006775BD /* Debug */ = {
			isa = XCBuildConfiguration;
			buildSettings = {
				ALWAYS_SEARCH_USER_PATHS = NO;
				CLANG_ANALYZER_NONNULL = YES;
				CLANG_ANALYZER_NUMBER_OBJECT_CONVERSION = YES_AGGRESSIVE;
				CLANG_CXX_LANGUAGE_STANDARD = "gnu++20";
				CLANG_ENABLE_MODULES = YES;
				CLANG_ENABLE_OBJC_ARC = YES;
				CLANG_ENABLE_OBJC_WEAK = YES;
				CLANG_WARN_BLOCK_CAPTURE_AUTORELEASING = YES;
				CLANG_WARN_BOOL_CONVERSION = YES;
				CLANG_WARN_COMMA = YES;
				CLANG_WARN_CONSTANT_CONVERSION = YES;
				CLANG_WARN_DEPRECATED_OBJC_IMPLEMENTATIONS = YES;
				CLANG_WARN_DIRECT_OBJC_ISA_USAGE = YES_ERROR;
				CLANG_WARN_DOCUMENTATION_COMMENTS = YES;
				CLANG_WARN_EMPTY_BODY = YES;
				CLANG_WARN_ENUM_CONVERSION = YES;
				CLANG_WARN_INFINITE_RECURSION = YES;
				CLANG_WARN_INT_CONVERSION = YES;
				CLANG_WARN_NON_LITERAL_NULL_CONVERSION = YES;
				CLANG_WARN_OBJC_IMPLICIT_RETAIN_SELF = YES;
				CLANG_WARN_OBJC_LITERAL_CONVERSION = YES;
				CLANG_WARN_OBJC_ROOT_CLASS = YES_ERROR;
				CLANG_WARN_QUOTED_INCLUDE_IN_FRAMEWORK_HEADER = YES;
				CLANG_WARN_RANGE_LOOP_ANALYSIS = YES;
				CLANG_WARN_STRICT_PROTOTYPES = YES;
				CLANG_WARN_SUSPICIOUS_MOVE = YES;
				CLANG_WARN_UNGUARDED_AVAILABILITY = YES_AGGRESSIVE;
				CLANG_WARN_UNREACHABLE_CODE = YES;
				CLANG_WARN__DUPLICATE_METHOD_MATCH = YES;
				COPY_PHASE_STRIP = NO;
				DEBUG_INFORMATION_FORMAT = dwarf;
				ENABLE_STRICT_OBJC_MSGSEND = YES;
				ENABLE_TESTABILITY = YES;
				GCC_C_LANGUAGE_STANDARD = gnu11;
				GCC_DYNAMIC_NO_PIC = NO;
				GCC_NO_COMMON_BLOCKS = YES;
				GCC_OPTIMIZATION_LEVEL = 0;
				GCC_PREPROCESSOR_DEFINITIONS = (
					"DEBUG=1",
					"$(inherited)",
				);
				GCC_WARN_64_TO_32_BIT_CONVERSION = YES;
				GCC_WARN_ABOUT_RETURN_TYPE = YES_ERROR;
				GCC_WARN_UNDECLARED_SELECTOR = YES;
				GCC_WARN_UNINITIALIZED_AUTOS = YES_AGGRESSIVE;
				GCC_WARN_UNUSED_FUNCTION = YES;
				GCC_WARN_UNUSED_VARIABLE = YES;
				IPHONEOS_DEPLOYMENT_TARGET = 16.0;
				MTL_ENABLE_DEBUG_INFO = INCLUDE_SOURCE;
				MTL_FAST_MATH = YES;
				ONLY_ACTIVE_ARCH = YES;
				SDKROOT = iphoneos;
				SWIFT_ACTIVE_COMPILATION_CONDITIONS = DEBUG;
				SWIFT_OPTIMIZATION_LEVEL = "-Onone";
			};
			name = Debug;
		};
		5337035729362983006775BD /* Release */ = {
			isa = XCBuildConfiguration;
			buildSettings = {
				ALWAYS_SEARCH_USER_PATHS = NO;
				CLANG_ANALYZER_NONNULL = YES;
				CLANG_ANALYZER_NUMBER_OBJECT_CONVERSION = YES_AGGRESSIVE;
				CLANG_CXX_LANGUAGE_STANDARD = "gnu++20";
				CLANG_ENABLE_MODULES = YES;
				CLANG_ENABLE_OBJC_ARC = YES;
				CLANG_ENABLE_OBJC_WEAK = YES;
				CLANG_WARN_BLOCK_CAPTURE_AUTORELEASING = YES;
				CLANG_WARN_BOOL_CONVERSION = YES;
				CLANG_WARN_COMMA = YES;
				CLANG_WARN_CONSTANT_CONVERSION = YES;
				CLANG_WARN_DEPRECATED_OBJC_IMPLEMENTATIONS = YES;
				CLANG_WARN_DIRECT_OBJC_ISA_USAGE = YES_ERROR;
				CLANG_WARN_DOCUMENTATION_COMMENTS = YES;
				CLANG_WARN_EMPTY_BODY = YES;
				CLANG_WARN_ENUM_CONVERSION = YES;
				CLANG_WARN_INFINITE_RECURSION = YES;
				CLANG_WARN_INT_CONVERSION = YES;
				CLANG_WARN_NON_LITERAL_NULL_CONVERSION = YES;
				CLANG_WARN_OBJC_IMPLICIT_RETAIN_SELF = YES;
				CLANG_WARN_OBJC_LITERAL_CONVERSION = YES;
				CLANG_WARN_OBJC_ROOT_CLASS = YES_ERROR;
				CLANG_WARN_QUOTED_INCLUDE_IN_FRAMEWORK_HEADER = YES;
				CLANG_WARN_RANGE_LOOP_ANALYSIS = YES;
				CLANG_WARN_STRICT_PROTOTYPES = YES;
				CLANG_WARN_SUSPICIOUS_MOVE = YES;
				CLANG_WARN_UNGUARDED_AVAILABILITY = YES_AGGRESSIVE;
				CLANG_WARN_UNREACHABLE_CODE = YES;
				CLANG_WARN__DUPLICATE_METHOD_MATCH = YES;
				COPY_PHASE_STRIP = NO;
				DEBUG_INFORMATION_FORMAT = "dwarf-with-dsym";
				ENABLE_NS_ASSERTIONS = NO;
				ENABLE_STRICT_OBJC_MSGSEND = YES;
				GCC_C_LANGUAGE_STANDARD = gnu11;
				GCC_NO_COMMON_BLOCKS = YES;
				GCC_WARN_64_TO_32_BIT_CONVERSION = YES;
				GCC_WARN_ABOUT_RETURN_TYPE = YES_ERROR;
				GCC_WARN_UNDECLARED_SELECTOR = YES;
				GCC_WARN_UNINITIALIZED_AUTOS = YES_AGGRESSIVE;
				GCC_WARN_UNUSED_FUNCTION = YES;
				GCC_WARN_UNUSED_VARIABLE = YES;
				IPHONEOS_DEPLOYMENT_TARGET = 16.0;
				MTL_ENABLE_DEBUG_INFO = NO;
				MTL_FAST_MATH = YES;
				SDKROOT = iphoneos;
				SWIFT_COMPILATION_MODE = wholemodule;
				SWIFT_OPTIMIZATION_LEVEL = "-O";
				VALIDATE_PRODUCT = YES;
			};
			name = Release;
		};
		5337035929362983006775BD /* Debug */ = {
			isa = XCBuildConfiguration;
			buildSettings = {
				ASSETCATALOG_COMPILER_APPICON_NAME = AppIcon;
				ASSETCATALOG_COMPILER_GLOBAL_ACCENT_COLOR_NAME = AccentColor;
				CODE_SIGN_STYLE = Automatic;
				CURRENT_PROJECT_VERSION = 1;
				DEVELOPMENT_TEAM = S4KGZ74WDF;
				GENERATE_INFOPLIST_FILE = YES;
				INFOPLIST_FILE = POCTableView/Info.plist;
				INFOPLIST_KEY_UIApplicationSupportsIndirectInputEvents = YES;
				INFOPLIST_KEY_UILaunchStoryboardName = LaunchScreen;
				INFOPLIST_KEY_UISupportedInterfaceOrientations_iPad = "UIInterfaceOrientationPortrait UIInterfaceOrientationPortraitUpsideDown UIInterfaceOrientationLandscapeLeft UIInterfaceOrientationLandscapeRight";
				INFOPLIST_KEY_UISupportedInterfaceOrientations_iPhone = "UIInterfaceOrientationPortrait UIInterfaceOrientationLandscapeLeft UIInterfaceOrientationLandscapeRight";
				LD_RUNPATH_SEARCH_PATHS = (
					"$(inherited)",
					"@executable_path/Frameworks",
				);
				MARKETING_VERSION = 1.0;
				PRODUCT_BUNDLE_IDENTIFIER = com.afrodite.POCTableView;
				PRODUCT_NAME = "$(TARGET_NAME)";
				SWIFT_EMIT_LOC_STRINGS = YES;
				SWIFT_VERSION = 5.0;
				TARGETED_DEVICE_FAMILY = "1,2";
			};
			name = Debug;
		};
		5337035A29362983006775BD /* Release */ = {
			isa = XCBuildConfiguration;
			buildSettings = {
				ASSETCATALOG_COMPILER_APPICON_NAME = AppIcon;
				ASSETCATALOG_COMPILER_GLOBAL_ACCENT_COLOR_NAME = AccentColor;
				CODE_SIGN_STYLE = Automatic;
				CURRENT_PROJECT_VERSION = 1;
				DEVELOPMENT_TEAM = S4KGZ74WDF;
				GENERATE_INFOPLIST_FILE = YES;
				INFOPLIST_FILE = POCTableView/Info.plist;
				INFOPLIST_KEY_UIApplicationSupportsIndirectInputEvents = YES;
				INFOPLIST_KEY_UILaunchStoryboardName = LaunchScreen;
				INFOPLIST_KEY_UISupportedInterfaceOrientations_iPad = "UIInterfaceOrientationPortrait UIInterfaceOrientationPortraitUpsideDown UIInterfaceOrientationLandscapeLeft UIInterfaceOrientationLandscapeRight";
				INFOPLIST_KEY_UISupportedInterfaceOrientations_iPhone = "UIInterfaceOrientationPortrait UIInterfaceOrientationLandscapeLeft UIInterfaceOrientationLandscapeRight";
				LD_RUNPATH_SEARCH_PATHS = (
					"$(inherited)",
					"@executable_path/Frameworks",
				);
				MARKETING_VERSION = 1.0;
				PRODUCT_BUNDLE_IDENTIFIER = com.afrodite.POCTableView;
				PRODUCT_NAME = "$(TARGET_NAME)";
				SWIFT_EMIT_LOC_STRINGS = YES;
				SWIFT_VERSION = 5.0;
				TARGETED_DEVICE_FAMILY = "1,2";
			};
			name = Release;
		};
/* End XCBuildConfiguration section */

/* Begin XCConfigurationList section */
		5337033F29362983006775BD /* Build configuration list for PBXProject "POCTableView" */ = {
			isa = XCConfigurationList;
			buildConfigurations = (
				5337035629362983006775BD /* Debug */,
				5337035729362983006775BD /* Release */,
			);
			defaultConfigurationIsVisible = 0;
			defaultConfigurationName = Release;
		};
		5337035829362983006775BD /* Build configuration list for PBXNativeTarget "POCTableView" */ = {
			isa = XCConfigurationList;
			buildConfigurations = (
				5337035929362983006775BD /* Debug */,
				5337035A29362983006775BD /* Release */,
			);
			defaultConfigurationIsVisible = 0;
			defaultConfigurationName = Release;
		};
/* End XCConfigurationList section */
	};
	rootObject = 5337033C29362983006775BD /* Project object */;
}
